
Microsoft Visual Studio Solution File, Format Version 12.00
# Visual Studio Version 16
VisualStudioVersion = 16.0.31205.134
MinimumVisualStudioVersion = 10.0.40219.1
Project("{9A19103F-16F7-4668-BE54-9A1E7A4F7556}") = "CAFinalizers", "CAFinalizers\CAFinalizers.csproj", "{CBB645D0-788B-4AA6-B44E-12A46594A753}"
EndProject
Project("{FAE04EC0-301F-11D3-BF4B-00C04F79EFBC}") = "SomeLibrary", "SomeLibrary\SomeLibrary.csproj", "{50A5CD48-A8BC-4EB8-A698-BA1CB21A9818}"
EndProject
Global
	GlobalSection(SolutionConfigurationPlatforms) = preSolution
		Debug|Any CPU = Debug|Any CPU
		Release|Any CPU = Release|Any CPU
	EndGlobalSection
	GlobalSection(ProjectConfigurationPlatforms) = postSolution
		{CBB645D0-788B-4AA6-B44E-12A46594A753}.Debug|Any CPU.ActiveCfg = Debug|Any CPU
		{CBB645D0-788B-4AA6-B44E-12A46594A753}.Debug|Any CPU.Build.0 = Debug|Any CPU
		{CBB645D0-788B-4AA6-B44E-12A46594A753}.Release|Any CPU.ActiveCfg = Release|Any CPU
		{CBB645D0-788B-4AA6-B44E-12A46594A753}.Release|Any CPU.Build.0 = Release|Any CPU
		{50A5CD48-A8BC-4EB8-A698-BA1CB21A9818}.Debug|Any CPU.ActiveCfg = Debug|Any CPU
		{50A5CD48-A8BC-4EB8-A698-BA1CB21A9818}.Debug|Any CPU.Build.0 = Debug|Any CPU
		{50A5CD48-A8BC-4EB8-A698-BA1CB21A9818}.Release|Any CPU.ActiveCfg = Release|Any CPU
		{50A5CD48-A8BC-4EB8-A698-BA1CB21A9818}.Release|Any CPU.Build.0 = Release|Any CPU
	EndGlobalSection
	GlobalSection(SolutionProperties) = preSolution
		HideSolutionNode = FALSE
	EndGlobalSection
	GlobalSection(ExtensibilityGlobals) = postSolution
		SolutionGuid = {522FD590-1F30-49E0-8B4B-EEBB581B7BFF}
	EndGlobalSection
EndGlobal
